
Microsoft Visual Studio Solution File, Format Version 12.00
# Visual Studio 2012
Project("{FAE04EC0-301F-11D3-BF4B-00C04F79EFBC}") = "HelmetCam", "HelmetCam\HelmetCam.csproj", "{51C8252C-5A2E-4BD9-86E3-F001E0ACCCBB}"
EndProject
Global
	GlobalSection(SolutionConfigurationPlatforms) = preSolution
		Debug|Any CPU = Debug|Any CPU
		Debug|ARM = Debug|ARM
		Debug|x86 = Debug|x86
		Release|Any CPU = Release|Any CPU
		Release|ARM = Release|ARM
		Release|x86 = Release|x86
	EndGlobalSection
	GlobalSection(ProjectConfigurationPlatforms) = postSolution
		{51C8252C-5A2E-4BD9-86E3-F001E0ACCCBB}.Debug|Any CPU.ActiveCfg = Debug|Any CPU
		{51C8252C-5A2E-4BD9-86E3-F001E0ACCCBB}.Debug|Any CPU.Build.0 = Debug|Any CPU
		{51C8252C-5A2E-4BD9-86E3-F001E0ACCCBB}.Debug|Any CPU.Deploy.0 = Debug|Any CPU
		{51C8252C-5A2E-4BD9-86E3-F001E0ACCCBB}.Debug|ARM.ActiveCfg = Debug|ARM
		{51C8252C-5A2E-4BD9-86E3-F001E0ACCCBB}.Debug|ARM.Build.0 = Debug|ARM
		{51C8252C-5A2E-4BD9-86E3-F001E0ACCCBB}.Debug|ARM.Deploy.0 = Debug|ARM
		{51C8252C-5A2E-4BD9-86E3-F001E0ACCCBB}.Debug|x86.ActiveCfg = Debug|x86
		{51C8252C-5A2E-4BD9-86E3-F001E0ACCCBB}.Debug|x86.Build.0 = Debug|x86
		{51C8252C-5A2E-4BD9-86E3-F001E0ACCCBB}.Debug|x86.Deploy.0 = Debug|x86
		{51C8252C-5A2E-4BD9-86E3-F001E0ACCCBB}.Release|Any CPU.ActiveCfg = Release|Any CPU
		{51C8252C-5A2E-4BD9-86E3-F001E0ACCCBB}.Release|Any CPU.Build.0 = Release|Any CPU
		{51C8252C-5A2E-4BD9-86E3-F001E0ACCCBB}.Release|Any CPU.Deploy.0 = Release|Any CPU
		{51C8252C-5A2E-4BD9-86E3-F001E0ACCCBB}.Release|ARM.ActiveCfg = Release|ARM
		{51C8252C-5A2E-4BD9-86E3-F001E0ACCCBB}.Release|ARM.Build.0 = Release|ARM
		{51C8252C-5A2E-4BD9-86E3-F001E0ACCCBB}.Release|ARM.Deploy.0 = Release|ARM
		{51C8252C-5A2E-4BD9-86E3-F001E0ACCCBB}.Release|x86.ActiveCfg = Release|x86
		{51C8252C-5A2E-4BD9-86E3-F001E0ACCCBB}.Release|x86.Build.0 = Release|x86
		{51C8252C-5A2E-4BD9-86E3-F001E0ACCCBB}.Release|x86.Deploy.0 = Release|x86
	EndGlobalSection
	GlobalSection(SolutionProperties) = preSolution
		HideSolutionNode = FALSE
	EndGlobalSection
EndGlobal
